
Microsoft Visual Studio Solution File, Format Version 12.00
# Visual Studio Version 17
VisualStudioVersion = 17.12.35514.174
MinimumVisualStudioVersion = 10.0.40219.1
Project("{FAE04EC0-301F-11D3-BF4B-00C04F79EFBC}") = "Exercice01", "Exercice01\Exercice01.csproj", "{B0118E97-3FDF-4790-9171-0D82509207AD}"
EndProject
Project("{FAE04EC0-301F-11D3-BF4B-00C04F79EFBC}") = "Exercice02", "Exercice02\Exercice02.csproj", "{46CCB62F-A5B5-435A-987A-CBAC0CB823EF}"
EndProject
Global
	GlobalSection(SolutionConfigurationPlatforms) = preSolution
		Debug|Any CPU = Debug|Any CPU
		Release|Any CPU = Release|Any CPU
	EndGlobalSection
	GlobalSection(ProjectConfigurationPlatforms) = postSolution
		{B0118E97-3FDF-4790-9171-0D82509207AD}.Debug|Any CPU.ActiveCfg = Debug|Any CPU
		{B0118E97-3FDF-4790-9171-0D82509207AD}.Debug|Any CPU.Build.0 = Debug|Any CPU
		{B0118E97-3FDF-4790-9171-0D82509207AD}.Release|Any CPU.ActiveCfg = Release|Any CPU
		{B0118E97-3FDF-4790-9171-0D82509207AD}.Release|Any CPU.Build.0 = Release|Any CPU
		{46CCB62F-A5B5-435A-987A-CBAC0CB823EF}.Debug|Any CPU.ActiveCfg = Debug|Any CPU
		{46CCB62F-A5B5-435A-987A-CBAC0CB823EF}.Debug|Any CPU.Build.0 = Debug|Any CPU
		{46CCB62F-A5B5-435A-987A-CBAC0CB823EF}.Release|Any CPU.ActiveCfg = Release|Any CPU
		{46CCB62F-A5B5-435A-987A-CBAC0CB823EF}.Release|Any CPU.Build.0 = Release|Any CPU
	EndGlobalSection
	GlobalSection(SolutionProperties) = preSolution
		HideSolutionNode = FALSE
	EndGlobalSection
EndGlobal
