
Microsoft Visual Studio Solution File, Format Version 12.00
# Visual Studio Version 17
VisualStudioVersion = 17.12.35514.174
MinimumVisualStudioVersion = 10.0.40219.1
Project("{FAE04EC0-301F-11D3-BF4B-00C04F79EFBC}") = "Demo01HelloWorld", "Demo01HelloWorld\Demo01HelloWorld.csproj", "{8231BA3E-0005-4ADC-A600-E83E11941291}"
EndProject
Project("{FAE04EC0-301F-11D3-BF4B-00C04F79EFBC}") = "Demo02Calculatrice", "Demo02Calculatrice\Demo02Calculatrice.csproj", "{4C0F3AC2-D044-4366-BC4B-AA6B2AA8302E}"
EndProject
Project("{FAE04EC0-301F-11D3-BF4B-00C04F79EFBC}") = "Demo03Binding", "Demo03Binding\Demo03Binding.csproj", "{9A043A18-B1C2-400E-A616-A998B687E011}"
EndProject
Project("{FAE04EC0-301F-11D3-BF4B-00C04F79EFBC}") = "Demo04Theme", "Demo04Theme\Demo04Theme.csproj", "{C30B40C6-B585-49C4-A362-6446FF2016C4}"
EndProject
Project("{FAE04EC0-301F-11D3-BF4B-00C04F79EFBC}") = "Demo05Behavior", "Demo05Behavior\Demo05Behavior.csproj", "{F60615E7-8C52-4BE2-8464-ABE205D41263}"
EndProject
Project("{FAE04EC0-301F-11D3-BF4B-00C04F79EFBC}") = "Demo06Animations", "Demo06Animations\Demo06Animations.csproj", "{8C5DC3E1-7D43-424C-9225-4AF1019CF662}"
EndProject
Project("{FAE04EC0-301F-11D3-BF4B-00C04F79EFBC}") = "Demo07CustomControl", "Demo07CustomControl\Demo07CustomControl.csproj", "{D053F2C3-E121-4B54-B5B6-71C017241F7C}"
EndProject
Global
	GlobalSection(SolutionConfigurationPlatforms) = preSolution
		Debug|Any CPU = Debug|Any CPU
		Release|Any CPU = Release|Any CPU
	EndGlobalSection
	GlobalSection(ProjectConfigurationPlatforms) = postSolution
		{8231BA3E-0005-4ADC-A600-E83E11941291}.Debug|Any CPU.ActiveCfg = Debug|Any CPU
		{8231BA3E-0005-4ADC-A600-E83E11941291}.Debug|Any CPU.Build.0 = Debug|Any CPU
		{8231BA3E-0005-4ADC-A600-E83E11941291}.Release|Any CPU.ActiveCfg = Release|Any CPU
		{8231BA3E-0005-4ADC-A600-E83E11941291}.Release|Any CPU.Build.0 = Release|Any CPU
		{4C0F3AC2-D044-4366-BC4B-AA6B2AA8302E}.Debug|Any CPU.ActiveCfg = Debug|Any CPU
		{4C0F3AC2-D044-4366-BC4B-AA6B2AA8302E}.Debug|Any CPU.Build.0 = Debug|Any CPU
		{4C0F3AC2-D044-4366-BC4B-AA6B2AA8302E}.Release|Any CPU.ActiveCfg = Release|Any CPU
		{4C0F3AC2-D044-4366-BC4B-AA6B2AA8302E}.Release|Any CPU.Build.0 = Release|Any CPU
		{9A043A18-B1C2-400E-A616-A998B687E011}.Debug|Any CPU.ActiveCfg = Debug|Any CPU
		{9A043A18-B1C2-400E-A616-A998B687E011}.Debug|Any CPU.Build.0 = Debug|Any CPU
		{9A043A18-B1C2-400E-A616-A998B687E011}.Release|Any CPU.ActiveCfg = Release|Any CPU
		{9A043A18-B1C2-400E-A616-A998B687E011}.Release|Any CPU.Build.0 = Release|Any CPU
		{C30B40C6-B585-49C4-A362-6446FF2016C4}.Debug|Any CPU.ActiveCfg = Debug|Any CPU
		{C30B40C6-B585-49C4-A362-6446FF2016C4}.Debug|Any CPU.Build.0 = Debug|Any CPU
		{C30B40C6-B585-49C4-A362-6446FF2016C4}.Release|Any CPU.ActiveCfg = Release|Any CPU
		{C30B40C6-B585-49C4-A362-6446FF2016C4}.Release|Any CPU.Build.0 = Release|Any CPU
		{F60615E7-8C52-4BE2-8464-ABE205D41263}.Debug|Any CPU.ActiveCfg = Debug|Any CPU
		{F60615E7-8C52-4BE2-8464-ABE205D41263}.Debug|Any CPU.Build.0 = Debug|Any CPU
		{F60615E7-8C52-4BE2-8464-ABE205D41263}.Release|Any CPU.ActiveCfg = Release|Any CPU
		{F60615E7-8C52-4BE2-8464-ABE205D41263}.Release|Any CPU.Build.0 = Release|Any CPU
		{8C5DC3E1-7D43-424C-9225-4AF1019CF662}.Debug|Any CPU.ActiveCfg = Debug|Any CPU
		{8C5DC3E1-7D43-424C-9225-4AF1019CF662}.Debug|Any CPU.Build.0 = Debug|Any CPU
		{8C5DC3E1-7D43-424C-9225-4AF1019CF662}.Release|Any CPU.ActiveCfg = Release|Any CPU
		{8C5DC3E1-7D43-424C-9225-4AF1019CF662}.Release|Any CPU.Build.0 = Release|Any CPU
		{D053F2C3-E121-4B54-B5B6-71C017241F7C}.Debug|Any CPU.ActiveCfg = Debug|Any CPU
		{D053F2C3-E121-4B54-B5B6-71C017241F7C}.Debug|Any CPU.Build.0 = Debug|Any CPU
		{D053F2C3-E121-4B54-B5B6-71C017241F7C}.Release|Any CPU.ActiveCfg = Release|Any CPU
		{D053F2C3-E121-4B54-B5B6-71C017241F7C}.Release|Any CPU.Build.0 = Release|Any CPU
	EndGlobalSection
	GlobalSection(SolutionProperties) = preSolution
		HideSolutionNode = FALSE
	EndGlobalSection
EndGlobal
